
Microsoft Visual Studio Solution File, Format Version 12.00
# Visual Studio 15
VisualStudioVersion = 15.0.26124.0
MinimumVisualStudioVersion = 15.0.26124.0
Project("{FAE04EC0-301F-11D3-BF4B-00C04F79EFBC}") = "AVRGame.NetStandardLibrary", "AVRGame.NetStandardLibrary\AVRGame.NetStandardLibrary.csproj", "{8A3A7C93-1A84-464F-ACC0-0A361C355BA1}"
EndProject
Project("{FAE04EC0-301F-11D3-BF4B-00C04F79EFBC}") = "AVRGame.OpenGL", "AVRGame.OpenGL\AVRGame.OpenGL.csproj", "{91E11534-57AA-4CEE-AD67-E66BB834DF79}"
EndProject
Global
	GlobalSection(SolutionConfigurationPlatforms) = preSolution
		Debug|Any CPU = Debug|Any CPU
		Debug|x64 = Debug|x64
		Debug|x86 = Debug|x86
		Release|Any CPU = Release|Any CPU
		Release|x64 = Release|x64
		Release|x86 = Release|x86
	EndGlobalSection
	GlobalSection(SolutionProperties) = preSolution
		HideSolutionNode = FALSE
	EndGlobalSection
	GlobalSection(ProjectConfigurationPlatforms) = postSolution
		{8A3A7C93-1A84-464F-ACC0-0A361C355BA1}.Debug|Any CPU.ActiveCfg = Debug|Any CPU
		{8A3A7C93-1A84-464F-ACC0-0A361C355BA1}.Debug|Any CPU.Build.0 = Debug|Any CPU
		{8A3A7C93-1A84-464F-ACC0-0A361C355BA1}.Debug|x64.ActiveCfg = Debug|Any CPU
		{8A3A7C93-1A84-464F-ACC0-0A361C355BA1}.Debug|x64.Build.0 = Debug|Any CPU
		{8A3A7C93-1A84-464F-ACC0-0A361C355BA1}.Debug|x86.ActiveCfg = Debug|Any CPU
		{8A3A7C93-1A84-464F-ACC0-0A361C355BA1}.Debug|x86.Build.0 = Debug|Any CPU
		{8A3A7C93-1A84-464F-ACC0-0A361C355BA1}.Release|Any CPU.ActiveCfg = Release|Any CPU
		{8A3A7C93-1A84-464F-ACC0-0A361C355BA1}.Release|Any CPU.Build.0 = Release|Any CPU
		{8A3A7C93-1A84-464F-ACC0-0A361C355BA1}.Release|x64.ActiveCfg = Release|Any CPU
		{8A3A7C93-1A84-464F-ACC0-0A361C355BA1}.Release|x64.Build.0 = Release|Any CPU
		{8A3A7C93-1A84-464F-ACC0-0A361C355BA1}.Release|x86.ActiveCfg = Release|Any CPU
		{8A3A7C93-1A84-464F-ACC0-0A361C355BA1}.Release|x86.Build.0 = Release|Any CPU
		{91E11534-57AA-4CEE-AD67-E66BB834DF79}.Debug|Any CPU.ActiveCfg = Debug|Any CPU
		{91E11534-57AA-4CEE-AD67-E66BB834DF79}.Debug|Any CPU.Build.0 = Debug|Any CPU
		{91E11534-57AA-4CEE-AD67-E66BB834DF79}.Debug|x64.ActiveCfg = Debug|Any CPU
		{91E11534-57AA-4CEE-AD67-E66BB834DF79}.Debug|x64.Build.0 = Debug|Any CPU
		{91E11534-57AA-4CEE-AD67-E66BB834DF79}.Debug|x86.ActiveCfg = Debug|Any CPU
		{91E11534-57AA-4CEE-AD67-E66BB834DF79}.Debug|x86.Build.0 = Debug|Any CPU
		{91E11534-57AA-4CEE-AD67-E66BB834DF79}.Release|Any CPU.ActiveCfg = Release|Any CPU
		{91E11534-57AA-4CEE-AD67-E66BB834DF79}.Release|Any CPU.Build.0 = Release|Any CPU
		{91E11534-57AA-4CEE-AD67-E66BB834DF79}.Release|x64.ActiveCfg = Release|Any CPU
		{91E11534-57AA-4CEE-AD67-E66BB834DF79}.Release|x64.Build.0 = Release|Any CPU
		{91E11534-57AA-4CEE-AD67-E66BB834DF79}.Release|x86.ActiveCfg = Release|Any CPU
		{91E11534-57AA-4CEE-AD67-E66BB834DF79}.Release|x86.Build.0 = Release|Any CPU
	EndGlobalSection
EndGlobal
